
Microsoft Visual Studio Solution File, Format Version 12.00
# Visual Studio Version 16
VisualStudioVersion = 16.0.31129.286
MinimumVisualStudioVersion = 10.0.40219.1
Project("{FAE04EC0-301F-11D3-BF4B-00C04F79EFBC}") = "Server", "Server.csproj", "{C392E921-E071-4EF3-BD0C-1CF3714E06D0}"
EndProject
Global
	GlobalSection(SolutionConfigurationPlatforms) = preSolution
		Debug|Any CPU = Debug|Any CPU
		Release|Any CPU = Release|Any CPU
	EndGlobalSection
	GlobalSection(ProjectConfigurationPlatforms) = postSolution
		{C392E921-E071-4EF3-BD0C-1CF3714E06D0}.Debug|Any CPU.ActiveCfg = Debug|Any CPU
		{C392E921-E071-4EF3-BD0C-1CF3714E06D0}.Debug|Any CPU.Build.0 = Debug|Any CPU
		{C392E921-E071-4EF3-BD0C-1CF3714E06D0}.Release|Any CPU.ActiveCfg = Release|Any CPU
		{C392E921-E071-4EF3-BD0C-1CF3714E06D0}.Release|Any CPU.Build.0 = Release|Any CPU
	EndGlobalSection
	GlobalSection(SolutionProperties) = preSolution
		HideSolutionNode = FALSE
	EndGlobalSection
	GlobalSection(ExtensibilityGlobals) = postSolution
		SolutionGuid = {EAD3CA76-1F79-482A-A396-6352F90C9EE5}
	EndGlobalSection
EndGlobal
